// !$*UTF8*$!
{
	archiveVersion = 1;
	classes = {
	};
	objectVersion = 50;
	objects = {

/* Begin PBXBuildFile section */
		754CF1C121662D0000D426B0 /* AMInfiniteScrolling.swift in Sources */ = {isa = PBXBuildFile; fileRef = 754CF1C021662D0000D426B0 /* AMInfiniteScrolling.swift */; };
		759CE2212164DA2100E1564D /* AppDelegate.swift in Sources */ = {isa = PBXBuildFile; fileRef = 759CE2202164DA2100E1564D /* AppDelegate.swift */; };
		759CE2232164DA2100E1564D /* ViewController.swift in Sources */ = {isa = PBXBuildFile; fileRef = 759CE2222164DA2100E1564D /* ViewController.swift */; };
		759CE2262164DA2100E1564D /* Main.storyboard in Resources */ = {isa = PBXBuildFile; fileRef = 759CE2242164DA2100E1564D /* Main.storyboard */; };
		759CE2282164DA2300E1564D /* Assets.xcassets in Resources */ = {isa = PBXBuildFile; fileRef = 759CE2272164DA2300E1564D /* Assets.xcassets */; };
		759CE22B2164DA2300E1564D /* LaunchScreen.storyboard in Resources */ = {isa = PBXBuildFile; fileRef = 759CE2292164DA2300E1564D /* LaunchScreen.storyboard */; };
		759CE2342164DBD400E1564D /* AMPullToRefresh.swift in Sources */ = {isa = PBXBuildFile; fileRef = 759CE2332164DBD400E1564D /* AMPullToRefresh.swift */; };
		759CE2362164E02500E1564D /* AMRefresher.swift in Sources */ = {isa = PBXBuildFile; fileRef = 759CE2352164E02500E1564D /* AMRefresher.swift */; };
/* End PBXBuildFile section */

/* Begin PBXFileReference section */
		754CF1C021662D0000D426B0 /* AMInfiniteScrolling.swift */ = {isa = PBXFileReference; lastKnownFileType = sourcecode.swift; path = AMInfiniteScrolling.swift; sourceTree = "<group>"; };
		759CE21D2164DA2100E1564D /* AMRefresher.app */ = {isa = PBXFileReference; explicitFileType = wrapper.application; includeInIndex = 0; path = AMRefresher.app; sourceTree = BUILT_PRODUCTS_DIR; };
		759CE2202164DA2100E1564D /* AppDelegate.swift */ = {isa = PBXFileReference; lastKnownFileType = sourcecode.swift; path = AppDelegate.swift; sourceTree = "<group>"; };
		759CE2222164DA2100E1564D /* ViewController.swift */ = {isa = PBXFileReference; lastKnownFileType = sourcecode.swift; path = ViewController.swift; sourceTree = "<group>"; };
		759CE2252164DA2100E1564D /* Base */ = {isa = PBXFileReference; lastKnownFileType = file.storyboard; name = Base; path = Base.lproj/Main.storyboard; sourceTree = "<group>"; };
		759CE2272164DA2300E1564D /* Assets.xcassets */ = {isa = PBXFileReference; lastKnownFileType = folder.assetcatalog; path = Assets.xcassets; sourceTree = "<group>"; };
		759CE22A2164DA2300E1564D /* Base */ = {isa = PBXFileReference; lastKnownFileType = file.storyboard; name = Base; path = Base.lproj/LaunchScreen.storyboard; sourceTree = "<group>"; };
		759CE22C2164DA2300E1564D /* Info.plist */ = {isa = PBXFileReference; lastKnownFileType = text.plist.xml; path = Info.plist; sourceTree = "<group>"; };
		759CE2332164DBD400E1564D /* AMPullToRefresh.swift */ = {isa = PBXFileReference; lastKnownFileType = sourcecode.swift; path = AMPullToRefresh.swift; sourceTree = "<group>"; };
		759CE2352164E02500E1564D /* AMRefresher.swift */ = {isa = PBXFileReference; lastKnownFileType = sourcecode.swift; path = AMRefresher.swift; sourceTree = "<group>"; };
/* End PBXFileReference section */

/* Begin PBXFrameworksBuildPhase section */
		759CE21A2164DA2100E1564D /* Frameworks */ = {
			isa = PBXFrameworksBuildPhase;
			buildActionMask = 2147483647;
			files = (
			);
			runOnlyForDeploymentPostprocessing = 0;
		};
/* End PBXFrameworksBuildPhase section */

/* Begin PBXGroup section */
		759CE2142164DA2100E1564D = {
			isa = PBXGroup;
			children = (
				759CE21F2164DA2100E1564D /* AMRefresher */,
				759CE21E2164DA2100E1564D /* Products */,
			);
			sourceTree = "<group>";
		};
		759CE21E2164DA2100E1564D /* Products */ = {
			isa = PBXGroup;
			children = (
				759CE21D2164DA2100E1564D /* AMRefresher.app */,
			);
			name = Products;
			sourceTree = "<group>";
		};
		759CE21F2164DA2100E1564D /* AMRefresher */ = {
			isa = PBXGroup;
			children = (
				759CE2322164DA6600E1564D /* AMRefresher */,
				759CE2202164DA2100E1564D /* AppDelegate.swift */,
				759CE2222164DA2100E1564D /* ViewController.swift */,
				759CE2242164DA2100E1564D /* Main.storyboard */,
				759CE2272164DA2300E1564D /* Assets.xcassets */,
				759CE2292164DA2300E1564D /* LaunchScreen.storyboard */,
				759CE22C2164DA2300E1564D /* Info.plist */,
			);
			path = AMRefresher;
			sourceTree = "<group>";
		};
		759CE2322164DA6600E1564D /* AMRefresher */ = {
			isa = PBXGroup;
			children = (
				754CF1C021662D0000D426B0 /* AMInfiniteScrolling.swift */,
				759CE2332164DBD400E1564D /* AMPullToRefresh.swift */,
				759CE2352164E02500E1564D /* AMRefresher.swift */,
			);
			path = AMRefresher;
			sourceTree = "<group>";
		};
/* End PBXGroup section */

/* Begin PBXNativeTarget section */
		759CE21C2164DA2100E1564D /* AMRefresher */ = {
			isa = PBXNativeTarget;
			buildConfigurationList = 759CE22F2164DA2300E1564D /* Build configuration list for PBXNativeTarget "AMRefresher" */;
			buildPhases = (
				759CE2192164DA2100E1564D /* Sources */,
				759CE21A2164DA2100E1564D /* Frameworks */,
				759CE21B2164DA2100E1564D /* Resources */,
			);
			buildRules = (
			);
			dependencies = (
			);
			name = AMRefresher;
			productName = AMRefresher;
			productReference = 759CE21D2164DA2100E1564D /* AMRefresher.app */;
			productType = "com.apple.product-type.application";
		};
/* End PBXNativeTarget section */

/* Begin PBXProject section */
		759CE2152164DA2100E1564D /* Project object */ = {
			isa = PBXProject;
			attributes = {
				LastSwiftUpdateCheck = 0940;
				LastUpgradeCheck = 0940;
				ORGANIZATIONNAME = arturdev;
				TargetAttributes = {
					759CE21C2164DA2100E1564D = {
						CreatedOnToolsVersion = 9.4.1;
					};
				};
			};
			buildConfigurationList = 759CE2182164DA2100E1564D /* Build configuration list for PBXProject "AMRefresher" */;
			compatibilityVersion = "Xcode 9.3";
			developmentRegion = en;
			hasScannedForEncodings = 0;
			knownRegions = (
				en,
				Base,
			);
			mainGroup = 759CE2142164DA2100E1564D;
			productRefGroup = 759CE21E2164DA2100E1564D /* Products */;
			projectDirPath = "";
			projectRoot = "";
			targets = (
				759CE21C2164DA2100E1564D /* AMRefresher */,
			);
		};
/* End PBXProject section */

/* Begin PBXResourcesBuildPhase section */
		759CE21B2164DA2100E1564D /* Resources */ = {
			isa = PBXResourcesBuildPhase;
			buildActionMask = 2147483647;
			files = (
				759CE22B2164DA2300E1564D /* LaunchScreen.storyboard in Resources */,
				759CE2282164DA2300E1564D /* Assets.xcassets in Resources */,
				759CE2262164DA2100E1564D /* Main.storyboard in Resources */,
			);
			runOnlyForDeploymentPostprocessing = 0;
		};
/* End PBXResourcesBuildPhase section */

/* Begin PBXSourcesBuildPhase section */
		759CE2192164DA2100E1564D /* Sources */ = {
			isa = PBXSourcesBuildPhase;
			buildActionMask = 2147483647;
			files = (
				759CE2362164E02500E1564D /* AMRefresher.swift in Sources */,
				759CE2342164DBD400E1564D /* AMPullToRefresh.swift in Sources */,
				759CE2232164DA2100E1564D /* ViewController.swift in Sources */,
				754CF1C121662D0000D426B0 /* AMInfiniteScrolling.swift in Sources */,
				759CE2212164DA2100E1564D /* AppDelegate.swift in Sources */,
			);
			runOnlyForDeploymentPostprocessing = 0;
		};
/* End PBXSourcesBuildPhase section */

/* Begin PBXVariantGroup section */
		759CE2242164DA2100E1564D /* Main.storyboard */ = {
			isa = PBXVariantGroup;
			children = (
				759CE2252164DA2100E1564D /* Base */,
			);
			name = Main.storyboard;
			sourceTree = "<group>";
		};
		759CE2292164DA2300E1564D /* LaunchScreen.storyboard */ = {
			isa = PBXVariantGroup;
			children = (
				759CE22A2164DA2300E1564D /* Base */,
			);
			name = LaunchScreen.storyboard;
			sourceTree = "<group>";
		};
/* End PBXVariantGroup section */

/* Begin XCBuildConfiguration section */
		759CE22D2164DA2300E1564D /* Debug */ = {
			isa = XCBuildConfiguration;
			buildSettings = {
				ALWAYS_SEARCH_USER_PATHS = NO;
				CLANG_ANALYZER_NONNULL = YES;
				CLANG_ANALYZER_NUMBER_OBJECT_CONVERSION = YES_AGGRESSIVE;
				CLANG_CXX_LANGUAGE_STANDARD = "gnu++14";
				CLANG_CXX_LIBRARY = "libc++";
				CLANG_ENABLE_MODULES = YES;
				CLANG_ENABLE_OBJC_ARC = YES;
				CLANG_ENABLE_OBJC_WEAK = YES;
				CLANG_WARN_BLOCK_CAPTURE_AUTORELEASING = YES;
				CLANG_WARN_BOOL_CONVERSION = YES;
				CLANG_WARN_COMMA = YES;
				CLANG_WARN_CONSTANT_CONVERSION = YES;
				CLANG_WARN_DEPRECATED_OBJC_IMPLEMENTATIONS = YES;
				CLANG_WARN_DIRECT_OBJC_ISA_USAGE = YES_ERROR;
				CLANG_WARN_DOCUMENTATION_COMMENTS = YES;
				CLANG_WARN_EMPTY_BODY = YES;
				CLANG_WARN_ENUM_CONVERSION = YES;
				CLANG_WARN_INFINITE_RECURSION = YES;
				CLANG_WARN_INT_CONVERSION = YES;
				CLANG_WARN_NON_LITERAL_NULL_CONVERSION = YES;
				CLANG_WARN_OBJC_IMPLICIT_RETAIN_SELF = YES;
				CLANG_WARN_OBJC_LITERAL_CONVERSION = YES;
				CLANG_WARN_OBJC_ROOT_CLASS = YES_ERROR;
				CLANG_WARN_RANGE_LOOP_ANALYSIS = YES;
				CLANG_WARN_STRICT_PROTOTYPES = YES;
				CLANG_WARN_SUSPICIOUS_MOVE = YES;
				CLANG_WARN_UNGUARDED_AVAILABILITY = YES_AGGRESSIVE;
				CLANG_WARN_UNREACHABLE_CODE = YES;
				CLANG_WARN__DUPLICATE_METHOD_MATCH = YES;
				CODE_SIGN_IDENTITY = "iPhone Developer";
				COPY_PHASE_STRIP = NO;
				DEBUG_INFORMATION_FORMAT = dwarf;
				ENABLE_STRICT_OBJC_MSGSEND = YES;
				ENABLE_TESTABILITY = YES;
				GCC_C_LANGUAGE_STANDARD = gnu11;
				GCC_DYNAMIC_NO_PIC = NO;
				GCC_NO_COMMON_BLOCKS = YES;
				GCC_OPTIMIZATION_LEVEL = 0;
				GCC_PREPROCESSOR_DEFINITIONS = (
					"DEBUG=1",
					"$(inherited)",
				);
				GCC_WARN_64_TO_32_BIT_CONVERSION = YES;
				GCC_WARN_ABOUT_RETURN_TYPE = YES_ERROR;
				GCC_WARN_UNDECLARED_SELECTOR = YES;
				GCC_WARN_UNINITIALIZED_AUTOS = YES_AGGRESSIVE;
				GCC_WARN_UNUSED_FUNCTION = YES;
				GCC_WARN_UNUSED_VARIABLE = YES;
				IPHONEOS_DEPLOYMENT_TARGET = 11.4;
				MTL_ENABLE_DEBUG_INFO = YES;
				ONLY_ACTIVE_ARCH = YES;
				SDKROOT = iphoneos;
				SWIFT_ACTIVE_COMPILATION_CONDITIONS = DEBUG;
				SWIFT_OPTIMIZATION_LEVEL = "-Onone";
			};
			name = Debug;
		};
		759CE22E2164DA2300E1564D /* Release */ = {
			isa = XCBuildConfiguration;
			buildSettings = {
				ALWAYS_SEARCH_USER_PATHS = NO;
				CLANG_ANALYZER_NONNULL = YES;
				CLANG_ANALYZER_NUMBER_OBJECT_CONVERSION = YES_AGGRESSIVE;
				CLANG_CXX_LANGUAGE_STANDARD = "gnu++14";
				CLANG_CXX_LIBRARY = "libc++";
				CLANG_ENABLE_MODULES = YES;
				CLANG_ENABLE_OBJC_ARC = YES;
				CLANG_ENABLE_OBJC_WEAK = YES;
				CLANG_WARN_BLOCK_CAPTURE_AUTORELEASING = YES;
				CLANG_WARN_BOOL_CONVERSION = YES;
				CLANG_WARN_COMMA = YES;
				CLANG_WARN_CONSTANT_CONVERSION = YES;
				CLANG_WARN_DEPRECATED_OBJC_IMPLEMENTATIONS = YES;
				CLANG_WARN_DIRECT_OBJC_ISA_USAGE = YES_ERROR;
				CLANG_WARN_DOCUMENTATION_COMMENTS = YES;
				CLANG_WARN_EMPTY_BODY = YES;
				CLANG_WARN_ENUM_CONVERSION = YES;
				CLANG_WARN_INFINITE_RECURSION = YES;
				CLANG_WARN_INT_CONVERSION = YES;
				CLANG_WARN_NON_LITERAL_NULL_CONVERSION = YES;
				CLANG_WARN_OBJC_IMPLICIT_RETAIN_SELF = YES;
				CLANG_WARN_OBJC_LITERAL_CONVERSION = YES;
				CLANG_WARN_OBJC_ROOT_CLASS = YES_ERROR;
				CLANG_WARN_RANGE_LOOP_ANALYSIS = YES;
				CLANG_WARN_STRICT_PROTOTYPES = YES;
				CLANG_WARN_SUSPICIOUS_MOVE = YES;
				CLANG_WARN_UNGUARDED_AVAILABILITY = YES_AGGRESSIVE;
				CLANG_WARN_UNREACHABLE_CODE = YES;
				CLANG_WARN__DUPLICATE_METHOD_MATCH = YES;
				CODE_SIGN_IDENTITY = "iPhone Developer";
				COPY_PHASE_STRIP = NO;
				DEBUG_INFORMATION_FORMAT = "dwarf-with-dsym";
				ENABLE_NS_ASSERTIONS = NO;
				ENABLE_STRICT_OBJC_MSGSEND = YES;
				GCC_C_LANGUAGE_STANDARD = gnu11;
				GCC_NO_COMMON_BLOCKS = YES;
				GCC_WARN_64_TO_32_BIT_CONVERSION = YES;
				GCC_WARN_ABOUT_RETURN_TYPE = YES_ERROR;
				GCC_WARN_UNDECLARED_SELECTOR = YES;
				GCC_WARN_UNINITIALIZED_AUTOS = YES_AGGRESSIVE;
				GCC_WARN_UNUSED_FUNCTION = YES;
				GCC_WARN_UNUSED_VARIABLE = YES;
				IPHONEOS_DEPLOYMENT_TARGET = 11.4;
				MTL_ENABLE_DEBUG_INFO = NO;
				SDKROOT = iphoneos;
				SWIFT_COMPILATION_MODE = wholemodule;
				SWIFT_OPTIMIZATION_LEVEL = "-O";
				VALIDATE_PRODUCT = YES;
			};
			name = Release;
		};
		759CE2302164DA2300E1564D /* Debug */ = {
			isa = XCBuildConfiguration;
			buildSettings = {
				ASSETCATALOG_COMPILER_APPICON_NAME = AppIcon;
				CODE_SIGN_STYLE = Automatic;
				DEVELOPMENT_TEAM = U8CSJE9SQ2;
				INFOPLIST_FILE = AMRefresher/Info.plist;
				IPHONEOS_DEPLOYMENT_TARGET = 9.0;
				LD_RUNPATH_SEARCH_PATHS = (
					"$(inherited)",
					"@executable_path/Frameworks",
				);
				PRODUCT_BUNDLE_IDENTIFIER = com.arturdev.AMRefresher;
				PRODUCT_NAME = "$(TARGET_NAME)";
				SWIFT_OBJC_BRIDGING_HEADER = "";
				SWIFT_VERSION = 4.0;
				TARGETED_DEVICE_FAMILY = "1,2";
			};
			name = Debug;
		};
		759CE2312164DA2300E1564D /* Release */ = {
			isa = XCBuildConfiguration;
			buildSettings = {
				ASSETCATALOG_COMPILER_APPICON_NAME = AppIcon;
				CODE_SIGN_STYLE = Automatic;
				DEVELOPMENT_TEAM = U8CSJE9SQ2;
				INFOPLIST_FILE = AMRefresher/Info.plist;
				IPHONEOS_DEPLOYMENT_TARGET = 9.0;
				LD_RUNPATH_SEARCH_PATHS = (
					"$(inherited)",
					"@executable_path/Frameworks",
				);
				PRODUCT_BUNDLE_IDENTIFIER = com.arturdev.AMRefresher;
				PRODUCT_NAME = "$(TARGET_NAME)";
				SWIFT_OBJC_BRIDGING_HEADER = "";
				SWIFT_VERSION = 4.0;
				TARGETED_DEVICE_FAMILY = "1,2";
			};
			name = Release;
		};
/* End XCBuildConfiguration section */

/* Begin XCConfigurationList section */
		759CE2182164DA2100E1564D /* Build configuration list for PBXProject "AMRefresher" */ = {
			isa = XCConfigurationList;
			buildConfigurations = (
				759CE22D2164DA2300E1564D /* Debug */,
				759CE22E2164DA2300E1564D /* Release */,
			);
			defaultConfigurationIsVisible = 0;
			defaultConfigurationName = Release;
		};
		759CE22F2164DA2300E1564D /* Build configuration list for PBXNativeTarget "AMRefresher" */ = {
			isa = XCConfigurationList;
			buildConfigurations = (
				759CE2302164DA2300E1564D /* Debug */,
				759CE2312164DA2300E1564D /* Release */,
			);
			defaultConfigurationIsVisible = 0;
			defaultConfigurationName = Release;
		};
/* End XCConfigurationList section */
	};
	rootObject = 759CE2152164DA2100E1564D /* Project object */;
}
